
Microsoft Visual Studio Solution File, Format Version 12.00
# Visual Studio Version 17
VisualStudioVersion = 17.0.31903.59
MinimumVisualStudioVersion = 10.0.40219.1
Project("{FAE04EC0-301F-11D3-BF4B-00C04F79EFBC}") = "library", "library\library.csproj", "{ABF79A3E-4F01-4AFF-B3B2-0652954F0C1F}"
EndProject
Project("{FAE04EC0-301F-11D3-BF4B-00C04F79EFBC}") = "test-library", "test-library\test-library.csproj", "{6296F942-5764-4760-8D43-BFA15C786D98}"
EndProject
Project("{FAE04EC0-301F-11D3-BF4B-00C04F79EFBC}") = "console-app", "console-app\console-app.csproj", "{74648EB1-245C-41C7-BA13-276C27A01E02}"
EndProject
Global
	GlobalSection(SolutionConfigurationPlatforms) = preSolution
		Debug|Any CPU = Debug|Any CPU
		Release|Any CPU = Release|Any CPU
	EndGlobalSection
	GlobalSection(SolutionProperties) = preSolution
		HideSolutionNode = FALSE
	EndGlobalSection
	GlobalSection(ProjectConfigurationPlatforms) = postSolution
		{ABF79A3E-4F01-4AFF-B3B2-0652954F0C1F}.Debug|Any CPU.ActiveCfg = Debug|Any CPU
		{ABF79A3E-4F01-4AFF-B3B2-0652954F0C1F}.Debug|Any CPU.Build.0 = Debug|Any CPU
		{ABF79A3E-4F01-4AFF-B3B2-0652954F0C1F}.Release|Any CPU.ActiveCfg = Release|Any CPU
		{ABF79A3E-4F01-4AFF-B3B2-0652954F0C1F}.Release|Any CPU.Build.0 = Release|Any CPU
		{6296F942-5764-4760-8D43-BFA15C786D98}.Debug|Any CPU.ActiveCfg = Debug|Any CPU
		{6296F942-5764-4760-8D43-BFA15C786D98}.Debug|Any CPU.Build.0 = Debug|Any CPU
		{6296F942-5764-4760-8D43-BFA15C786D98}.Release|Any CPU.ActiveCfg = Release|Any CPU
		{6296F942-5764-4760-8D43-BFA15C786D98}.Release|Any CPU.Build.0 = Release|Any CPU
		{74648EB1-245C-41C7-BA13-276C27A01E02}.Debug|Any CPU.ActiveCfg = Debug|Any CPU
		{74648EB1-245C-41C7-BA13-276C27A01E02}.Debug|Any CPU.Build.0 = Debug|Any CPU
		{74648EB1-245C-41C7-BA13-276C27A01E02}.Release|Any CPU.ActiveCfg = Release|Any CPU
		{74648EB1-245C-41C7-BA13-276C27A01E02}.Release|Any CPU.Build.0 = Release|Any CPU
	EndGlobalSection
EndGlobal
