
Microsoft Visual Studio Solution File, Format Version 12.00
# Visual Studio Version 17
VisualStudioVersion = 17.0.31903.59
MinimumVisualStudioVersion = 10.0.40219.1
Project("{FAE04EC0-301F-11D3-BF4B-00C04F79EFBC}") = "Full-Text-Search-C#", "Full-Text-Search-C#\Full-Text-Search-C#.csproj", "{F2D2F211-268C-4F05-8820-4D8FC2D63782}"
EndProject
Project("{FAE04EC0-301F-11D3-BF4B-00C04F79EFBC}") = "Full-Text-Search-C#.Test", "Full-Text-Search-C#.Test\Full-Text-Search-C#.Test.csproj", "{13C87C3F-9FD3-4979-96BC-0AC0ACE5B954}"
EndProject
Project("{FAE04EC0-301F-11D3-BF4B-00C04F79EFBC}") = "Full-Text-Search-C#.Console", "Full-Text-Search-C#.Console\Full-Text-Search-C#.Console.csproj", "{C9F4F99D-A7E0-496C-B6BD-6A8B24D82B39}"
EndProject
Global
	GlobalSection(SolutionConfigurationPlatforms) = preSolution
		Debug|Any CPU = Debug|Any CPU
		Release|Any CPU = Release|Any CPU
	EndGlobalSection
	GlobalSection(SolutionProperties) = preSolution
		HideSolutionNode = FALSE
	EndGlobalSection
	GlobalSection(ProjectConfigurationPlatforms) = postSolution
		{F2D2F211-268C-4F05-8820-4D8FC2D63782}.Debug|Any CPU.ActiveCfg = Debug|Any CPU
		{F2D2F211-268C-4F05-8820-4D8FC2D63782}.Debug|Any CPU.Build.0 = Debug|Any CPU
		{F2D2F211-268C-4F05-8820-4D8FC2D63782}.Release|Any CPU.ActiveCfg = Release|Any CPU
		{F2D2F211-268C-4F05-8820-4D8FC2D63782}.Release|Any CPU.Build.0 = Release|Any CPU
		{13C87C3F-9FD3-4979-96BC-0AC0ACE5B954}.Debug|Any CPU.ActiveCfg = Debug|Any CPU
		{13C87C3F-9FD3-4979-96BC-0AC0ACE5B954}.Debug|Any CPU.Build.0 = Debug|Any CPU
		{13C87C3F-9FD3-4979-96BC-0AC0ACE5B954}.Release|Any CPU.ActiveCfg = Release|Any CPU
		{13C87C3F-9FD3-4979-96BC-0AC0ACE5B954}.Release|Any CPU.Build.0 = Release|Any CPU
		{C9F4F99D-A7E0-496C-B6BD-6A8B24D82B39}.Debug|Any CPU.ActiveCfg = Debug|Any CPU
		{C9F4F99D-A7E0-496C-B6BD-6A8B24D82B39}.Debug|Any CPU.Build.0 = Debug|Any CPU
		{C9F4F99D-A7E0-496C-B6BD-6A8B24D82B39}.Release|Any CPU.ActiveCfg = Release|Any CPU
		{C9F4F99D-A7E0-496C-B6BD-6A8B24D82B39}.Release|Any CPU.Build.0 = Release|Any CPU
	EndGlobalSection
EndGlobal
